
Microsoft Visual Studio Solution File, Format Version 12.00
# Visual Studio Express 2012 for Windows Desktop
Project("{8BC9CEB8-8B4A-11D0-8D11-00A0C91BC942}") = "LaserCanvas", "LaserCanvas\LaserCanvas.vcxproj", "{919E9518-E6DE-4F2F-A6C1-F99295AE0228}"
EndProject
Global
	GlobalSection(SolutionConfigurationPlatforms) = preSolution
		Debug|Win32 = Debug|Win32
		Release|Win32 = Release|Win32
	EndGlobalSection
	GlobalSection(ProjectConfigurationPlatforms) = postSolution
		{919E9518-E6DE-4F2F-A6C1-F99295AE0228}.Debug|Win32.ActiveCfg = Debug|Win32
		{919E9518-E6DE-4F2F-A6C1-F99295AE0228}.Debug|Win32.Build.0 = Debug|Win32
		{919E9518-E6DE-4F2F-A6C1-F99295AE0228}.Release|Win32.ActiveCfg = Release|Win32
		{919E9518-E6DE-4F2F-A6C1-F99295AE0228}.Release|Win32.Build.0 = Release|Win32
	EndGlobalSection
	GlobalSection(SolutionProperties) = preSolution
		HideSolutionNode = FALSE
	EndGlobalSection
EndGlobal
