<?xml version="1.0" encoding="utf-8"?>
<Project ToolsVersion="4.0" xmlns="http://schemas.microsoft.com/developer/msbuild/2003">
  <ItemGroup>
    <Filter Include="Source Files">
      <UniqueIdentifier>{4FC737F1-C7A5-4376-A066-2A32D752A2FF}</UniqueIdentifier>
      <Extensions>cpp;c;cc;cxx;def;odl;idl;hpj;bat;asm;asmx</Extensions>
    </Filter>
    <Filter Include="Header Files">
      <UniqueIdentifier>{93995380-89BD-4b04-88EB-625FBE52EBFB}</UniqueIdentifier>
      <Extensions>h;hpp;hxx;hm;inl;inc;xsd</Extensions>
    </Filter>
    <Filter Include="Resource Files">
      <UniqueIdentifier>{67DA6AB6-F800-4c08-8B7A-83BB121AAD01}</UniqueIdentifier>
      <Extensions>rc;ico;cur;bmp;dlg;rc2;rct;bin;rgs;gif;jpg;jpeg;jpe;resx;tiff;tif;png;wav;mfcribbon-ms</Extensions>
    </Filter>
  </ItemGroup>
  <ItemGroup>
    <ClCompile Include="CApplication.cpp">
      <Filter>Source Files</Filter>
    </ClCompile>
    <ClCompile Include="caxes.cpp">
      <Filter>Source Files</Filter>
    </ClCompile>
    <ClCompile Include="CBasicBar.cpp">
      <Filter>Source Files</Filter>
    </ClCompile>
    <ClCompile Include="CButton.cpp">
      <Filter>Source Files</Filter>
    </ClCompile>
    <ClCompile Include="CButtonBar.cpp">
      <Filter>Source Files</Filter>
    </ClCompile>
    <ClCompile Include="CLCEqtn.cpp">
      <Filter>Source Files</Filter>
    </ClCompile>
    <ClCompile Include="CMActive.cpp">
      <Filter>Source Files</Filter>
    </ClCompile>
    <ClCompile Include="CMouse.cpp">
      <Filter>Source Files</Filter>
    </ClCompile>
    <ClCompile Include="CPropItem.cpp">
      <Filter>Source Files</Filter>
    </ClCompile>
    <ClCompile Include="CPropMgr.cpp">
      <Filter>Source Files</Filter>
    </ClCompile>
    <ClCompile Include="CQuickEdit.cpp">
      <Filter>Source Files</Filter>
    </ClCompile>
    <ClCompile Include="CQuickMenu.cpp">
      <Filter>Source Files</Filter>
    </ClCompile>
    <ClCompile Include="CStatusBar.cpp">
      <Filter>Source Files</Filter>
    </ClCompile>
    <ClCompile Include="CSystem.cpp">
      <Filter>Source Files</Filter>
    </ClCompile>
    <ClCompile Include="CSysWin.cpp">
      <Filter>Source Files</Filter>
    </ClCompile>
    <ClCompile Include="CSysWin1d.cpp">
      <Filter>Source Files</Filter>
    </ClCompile>
    <ClCompile Include="CSysWin2d.cpp">
      <Filter>Source Files</Filter>
    </ClCompile>
    <ClCompile Include="CSysWin3d.cpp">
      <Filter>Source Files</Filter>
    </ClCompile>
    <ClCompile Include="CSysWinABCDSolver.cpp">
      <Filter>Source Files</Filter>
    </ClCompile>
    <ClCompile Include="CSysWinGraph.cpp">
      <Filter>Source Files</Filter>
    </ClCompile>
    <ClCompile Include="CSysWinInventory.cpp">
      <Filter>Source Files</Filter>
    </ClCompile>
    <ClCompile Include="CSysWinVxGraph.cpp">
      <Filter>Source Files</Filter>
    </ClCompile>
    <ClCompile Include="CTooltip.cpp">
      <Filter>Source Files</Filter>
    </ClCompile>
    <ClCompile Include="CVertex.cpp">
      <Filter>Source Files</Filter>
    </ClCompile>
    <ClCompile Include="LasrCanv5.cpp">
      <Filter>Source Files</Filter>
    </ClCompile>
    <ClCompile Include="LCUtil.cpp">
      <Filter>Source Files</Filter>
    </ClCompile>
    <ClCompile Include="NeldMead.cpp">
      <Filter>Source Files</Filter>
    </ClCompile>
    <ClCompile Include="Renderer2d.cpp">
      <Filter>Source Files</Filter>
    </ClCompile>
    <ClCompile Include="Renderer3d.cpp">
      <Filter>Source Files</Filter>
    </ClCompile>
    <ClCompile Include="CAbcd.cpp">
      <Filter>Source Files</Filter>
    </ClCompile>
  </ItemGroup>
  <ItemGroup>
    <ResourceCompile Include="LasrCanvCom.rc">
      <Filter>Resource Files</Filter>
    </ResourceCompile>
    <ResourceCompile Include="LasrCanvDE.rc">
      <Filter>Resource Files</Filter>
    </ResourceCompile>
    <ResourceCompile Include="LasrCanvEN.rc">
      <Filter>Resource Files</Filter>
    </ResourceCompile>
    <ResourceCompile Include="BTNBAR.RC">
      <Filter>Resource Files</Filter>
    </ResourceCompile>
  </ItemGroup>
  <ItemGroup>
    <ClInclude Include="CApplication.h">
      <Filter>Header Files</Filter>
    </ClInclude>
    <ClInclude Include="caxes.h">
      <Filter>Header Files</Filter>
    </ClInclude>
    <ClInclude Include="CBasicBar.h">
      <Filter>Header Files</Filter>
    </ClInclude>
    <ClInclude Include="CButton.h">
      <Filter>Header Files</Filter>
    </ClInclude>
    <ClInclude Include="CButtonBar.h">
      <Filter>Header Files</Filter>
    </ClInclude>
    <ClInclude Include="CChainLink.h">
      <Filter>Header Files</Filter>
    </ClInclude>
    <ClInclude Include="CLCEqtn.h">
      <Filter>Header Files</Filter>
    </ClInclude>
    <ClInclude Include="CMActive.h">
      <Filter>Header Files</Filter>
    </ClInclude>
    <ClInclude Include="CMouse.h">
      <Filter>Header Files</Filter>
    </ClInclude>
    <ClInclude Include="CPropItem.h">
      <Filter>Header Files</Filter>
    </ClInclude>
    <ClInclude Include="CPropMgr.h">
      <Filter>Header Files</Filter>
    </ClInclude>
    <ClInclude Include="CQuickEdit.h">
      <Filter>Header Files</Filter>
    </ClInclude>
    <ClInclude Include="CQuickMenu.h">
      <Filter>Header Files</Filter>
    </ClInclude>
    <ClInclude Include="CStatusBar.h">
      <Filter>Header Files</Filter>
    </ClInclude>
    <ClInclude Include="CSystem.h">
      <Filter>Header Files</Filter>
    </ClInclude>
    <ClInclude Include="CSysWin.h">
      <Filter>Header Files</Filter>
    </ClInclude>
    <ClInclude Include="CSysWin1d.h">
      <Filter>Header Files</Filter>
    </ClInclude>
    <ClInclude Include="CSysWin2d.h">
      <Filter>Header Files</Filter>
    </ClInclude>
    <ClInclude Include="CSysWin3d.h">
      <Filter>Header Files</Filter>
    </ClInclude>
    <ClInclude Include="CSysWinABCDSolver.h">
      <Filter>Header Files</Filter>
    </ClInclude>
    <ClInclude Include="CSysWinGraph.h">
      <Filter>Header Files</Filter>
    </ClInclude>
    <ClInclude Include="CSysWinInventory.h">
      <Filter>Header Files</Filter>
    </ClInclude>
    <ClInclude Include="CSysWinVxGraph.h">
      <Filter>Header Files</Filter>
    </ClInclude>
    <ClInclude Include="CTooltip.h">
      <Filter>Header Files</Filter>
    </ClInclude>
    <ClInclude Include="CVertex.h">
      <Filter>Header Files</Filter>
    </ClInclude>
    <ClInclude Include="LasrCanv5.h">
      <Filter>Header Files</Filter>
    </ClInclude>
    <ClInclude Include="LCUtil.h">
      <Filter>Header Files</Filter>
    </ClInclude>
    <ClInclude Include="Renderer2d.h">
      <Filter>Header Files</Filter>
    </ClInclude>
    <ClInclude Include="Renderer3d.h">
      <Filter>Header Files</Filter>
    </ClInclude>
    <ClInclude Include="resource.h">
      <Filter>Header Files</Filter>
    </ClInclude>
    <ClInclude Include="common.h">
      <Filter>Header Files</Filter>
    </ClInclude>
    <ClInclude Include="CAbcd.h">
      <Filter>Header Files</Filter>
    </ClInclude>
  </ItemGroup>
</Project>